
Microsoft Visual Studio Solution File, Format Version 12.00
# Visual Studio Version 17
VisualStudioVersion = 17.3.32929.385
MinimumVisualStudioVersion = 10.0.40219.1
Project("{9A19103F-16F7-4668-BE54-9A1E7A4F7556}") = "ASPNET2.0", "ASPNET2.0\ASPNET2.0.csproj", "{4750E8B9-9F03-4B2D-93BE-B8BC549B180D}"
EndProject
Global
	GlobalSection(SolutionConfigurationPlatforms) = preSolution
		Debug|Any CPU = Debug|Any CPU
		Release|Any CPU = Release|Any CPU
	EndGlobalSection
	GlobalSection(ProjectConfigurationPlatforms) = postSolution
		{4750E8B9-9F03-4B2D-93BE-B8BC549B180D}.Debug|Any CPU.ActiveCfg = Debug|Any CPU
		{4750E8B9-9F03-4B2D-93BE-B8BC549B180D}.Debug|Any CPU.Build.0 = Debug|Any CPU
		{4750E8B9-9F03-4B2D-93BE-B8BC549B180D}.Release|Any CPU.ActiveCfg = Release|Any CPU
		{4750E8B9-9F03-4B2D-93BE-B8BC549B180D}.Release|Any CPU.Build.0 = Release|Any CPU
	EndGlobalSection
	GlobalSection(SolutionProperties) = preSolution
		HideSolutionNode = FALSE
	EndGlobalSection
	GlobalSection(ExtensibilityGlobals) = postSolution
		SolutionGuid = {0CB7C241-D0AA-4603-B3B2-38327B268678}
	EndGlobalSection
EndGlobal
